
Microsoft Visual Studio Solution File, Format Version 12.00
# Visual Studio Version 16
VisualStudioVersion = 16.0.31605.320
MinimumVisualStudioVersion = 10.0.40219.1
Project("{FAE04EC0-301F-11D3-BF4B-00C04F79EFBC}") = "CleanArchMvc.Domain", "CleanArchMvc.Domain\CleanArchMvc.Domain.csproj", "{A903D82E-EC4E-4328-AD95-6515574EEC24}"
EndProject
Project("{FAE04EC0-301F-11D3-BF4B-00C04F79EFBC}") = "CleanArchMvc.Application", "CleanArchMvc.Application\CleanArchMvc.Application.csproj", "{30B69930-9F3B-4F48-970A-029693D978B1}"
EndProject
Project("{FAE04EC0-301F-11D3-BF4B-00C04F79EFBC}") = "CleanArchMvc.Infra.Data", "CleanArchMvc.Infra.Data\CleanArchMvc.Infra.Data.csproj", "{C17C05F0-988D-405A-B388-6E00C5E674EF}"
EndProject
Project("{FAE04EC0-301F-11D3-BF4B-00C04F79EFBC}") = "CleanArchMvc.Infra.IoC", "CleanArchMvc.Infra.IoC\CleanArchMvc.Infra.IoC.csproj", "{8362BDFA-0713-4253-A986-BF168B0F64EF}"
EndProject
Project("{FAE04EC0-301F-11D3-BF4B-00C04F79EFBC}") = "CleanArchMvc.WebUI", "CleanArchMvc.WebUI\CleanArchMvc.WebUI.csproj", "{A8420AFE-8723-4AE4-A524-E2F2C31D54D7}"
EndProject
Project("{FAE04EC0-301F-11D3-BF4B-00C04F79EFBC}") = "CleanArchMvc.Domain.Tests", "CleanArchMvc.Domain.Tests\CleanArchMvc.Domain.Tests.csproj", "{86A2FA94-52BD-40DF-9F10-8F682F39306B}"
EndProject
Global
	GlobalSection(SolutionConfigurationPlatforms) = preSolution
		Debug|Any CPU = Debug|Any CPU
		Release|Any CPU = Release|Any CPU
	EndGlobalSection
	GlobalSection(ProjectConfigurationPlatforms) = postSolution
		{A903D82E-EC4E-4328-AD95-6515574EEC24}.Debug|Any CPU.ActiveCfg = Debug|Any CPU
		{A903D82E-EC4E-4328-AD95-6515574EEC24}.Debug|Any CPU.Build.0 = Debug|Any CPU
		{A903D82E-EC4E-4328-AD95-6515574EEC24}.Release|Any CPU.ActiveCfg = Release|Any CPU
		{A903D82E-EC4E-4328-AD95-6515574EEC24}.Release|Any CPU.Build.0 = Release|Any CPU
		{30B69930-9F3B-4F48-970A-029693D978B1}.Debug|Any CPU.ActiveCfg = Debug|Any CPU
		{30B69930-9F3B-4F48-970A-029693D978B1}.Debug|Any CPU.Build.0 = Debug|Any CPU
		{30B69930-9F3B-4F48-970A-029693D978B1}.Release|Any CPU.ActiveCfg = Release|Any CPU
		{30B69930-9F3B-4F48-970A-029693D978B1}.Release|Any CPU.Build.0 = Release|Any CPU
		{C17C05F0-988D-405A-B388-6E00C5E674EF}.Debug|Any CPU.ActiveCfg = Debug|Any CPU
		{C17C05F0-988D-405A-B388-6E00C5E674EF}.Debug|Any CPU.Build.0 = Debug|Any CPU
		{C17C05F0-988D-405A-B388-6E00C5E674EF}.Release|Any CPU.ActiveCfg = Release|Any CPU
		{C17C05F0-988D-405A-B388-6E00C5E674EF}.Release|Any CPU.Build.0 = Release|Any CPU
		{8362BDFA-0713-4253-A986-BF168B0F64EF}.Debug|Any CPU.ActiveCfg = Debug|Any CPU
		{8362BDFA-0713-4253-A986-BF168B0F64EF}.Debug|Any CPU.Build.0 = Debug|Any CPU
		{8362BDFA-0713-4253-A986-BF168B0F64EF}.Release|Any CPU.ActiveCfg = Release|Any CPU
		{8362BDFA-0713-4253-A986-BF168B0F64EF}.Release|Any CPU.Build.0 = Release|Any CPU
		{A8420AFE-8723-4AE4-A524-E2F2C31D54D7}.Debug|Any CPU.ActiveCfg = Debug|Any CPU
		{A8420AFE-8723-4AE4-A524-E2F2C31D54D7}.Debug|Any CPU.Build.0 = Debug|Any CPU
		{A8420AFE-8723-4AE4-A524-E2F2C31D54D7}.Release|Any CPU.ActiveCfg = Release|Any CPU
		{A8420AFE-8723-4AE4-A524-E2F2C31D54D7}.Release|Any CPU.Build.0 = Release|Any CPU
		{86A2FA94-52BD-40DF-9F10-8F682F39306B}.Debug|Any CPU.ActiveCfg = Debug|Any CPU
		{86A2FA94-52BD-40DF-9F10-8F682F39306B}.Debug|Any CPU.Build.0 = Debug|Any CPU
		{86A2FA94-52BD-40DF-9F10-8F682F39306B}.Release|Any CPU.ActiveCfg = Release|Any CPU
		{86A2FA94-52BD-40DF-9F10-8F682F39306B}.Release|Any CPU.Build.0 = Release|Any CPU
	EndGlobalSection
	GlobalSection(SolutionProperties) = preSolution
		HideSolutionNode = FALSE
	EndGlobalSection
	GlobalSection(ExtensibilityGlobals) = postSolution
		SolutionGuid = {9DBF9B79-6431-4B0D-AF7F-40C5F3AC340C}
	EndGlobalSection
EndGlobal
